
Microsoft Visual Studio Solution File, Format Version 12.00
# Visual Studio Version 16
VisualStudioVersion = 16.0.32228.343
MinimumVisualStudioVersion = 10.0.40219.1
Project("{9A19103F-16F7-4668-BE54-9A1E7A4F7556}") = "WebApi", "WebApi\WebApi.csproj", "{8C483E3B-458D-48D0-8F6D-EBE54A40B32B}"
EndProject
Project("{2150E333-8FDC-42A3-9474-1A3956D46DE8}") = "0. CrossCutting", "0. CrossCutting", "{8A46B0D6-D801-4544-9D4F-7178AC88E4D9}"
EndProject
Project("{2150E333-8FDC-42A3-9474-1A3956D46DE8}") = "1. Domain", "1. Domain", "{A7B8581B-F49B-476B-8DF0-148038444F6F}"
EndProject
Project("{2150E333-8FDC-42A3-9474-1A3956D46DE8}") = "2. DataAccess", "2. DataAccess", "{7EE8A3C3-0129-4498-942A-B9453986B406}"
EndProject
Project("{2150E333-8FDC-42A3-9474-1A3956D46DE8}") = "3. Services", "3. Services", "{E463EBF9-BA81-4AC7-983E-E19AFAA61DC9}"
EndProject
Project("{9A19103F-16F7-4668-BE54-9A1E7A4F7556}") = "Domain.Entities", "Domain.Entities\Domain.Entities.csproj", "{D35AAA76-DC49-489A-A8EE-5181293200B4}"
EndProject
Project("{9A19103F-16F7-4668-BE54-9A1E7A4F7556}") = "DataAccess", "DataAccess\DataAccess.csproj", "{936202AF-A408-481D-9E5B-AF230FAFDA55}"
EndProject
Project("{9A19103F-16F7-4668-BE54-9A1E7A4F7556}") = "Services.Transactions", "Services.Transactions\Services.Transactions.csproj", "{E30D04BF-1C00-4230-BDBD-99555C03663F}"
EndProject
Project("{9A19103F-16F7-4668-BE54-9A1E7A4F7556}") = "Services.Signature", "Services.Signature\Services.Signature.csproj", "{C66A8ED0-E1B4-4617-802B-34842AC5A781}"
EndProject
Project("{9A19103F-16F7-4668-BE54-9A1E7A4F7556}") = "Services.Setting", "Services.Setting\Services.Setting.csproj", "{274111C3-7BF3-46AF-8853-B693FC8C1E7B}"
EndProject
Project("{9A19103F-16F7-4668-BE54-9A1E7A4F7556}") = "Service.AircashPay", "AircashPayService\Service.AircashPay.csproj", "{36346008-1601-42B3-83BC-34FC44219719}"
EndProject
Global
	GlobalSection(SolutionConfigurationPlatforms) = preSolution
		Debug|Any CPU = Debug|Any CPU
		Release|Any CPU = Release|Any CPU
	EndGlobalSection
	GlobalSection(ProjectConfigurationPlatforms) = postSolution
		{8C483E3B-458D-48D0-8F6D-EBE54A40B32B}.Debug|Any CPU.ActiveCfg = Debug|Any CPU
		{8C483E3B-458D-48D0-8F6D-EBE54A40B32B}.Debug|Any CPU.Build.0 = Debug|Any CPU
		{8C483E3B-458D-48D0-8F6D-EBE54A40B32B}.Release|Any CPU.ActiveCfg = Release|Any CPU
		{8C483E3B-458D-48D0-8F6D-EBE54A40B32B}.Release|Any CPU.Build.0 = Release|Any CPU
		{D35AAA76-DC49-489A-A8EE-5181293200B4}.Debug|Any CPU.ActiveCfg = Debug|Any CPU
		{D35AAA76-DC49-489A-A8EE-5181293200B4}.Debug|Any CPU.Build.0 = Debug|Any CPU
		{D35AAA76-DC49-489A-A8EE-5181293200B4}.Release|Any CPU.ActiveCfg = Release|Any CPU
		{D35AAA76-DC49-489A-A8EE-5181293200B4}.Release|Any CPU.Build.0 = Release|Any CPU
		{936202AF-A408-481D-9E5B-AF230FAFDA55}.Debug|Any CPU.ActiveCfg = Debug|Any CPU
		{936202AF-A408-481D-9E5B-AF230FAFDA55}.Debug|Any CPU.Build.0 = Debug|Any CPU
		{936202AF-A408-481D-9E5B-AF230FAFDA55}.Release|Any CPU.ActiveCfg = Release|Any CPU
		{936202AF-A408-481D-9E5B-AF230FAFDA55}.Release|Any CPU.Build.0 = Release|Any CPU
		{E30D04BF-1C00-4230-BDBD-99555C03663F}.Debug|Any CPU.ActiveCfg = Debug|Any CPU
		{E30D04BF-1C00-4230-BDBD-99555C03663F}.Debug|Any CPU.Build.0 = Debug|Any CPU
		{E30D04BF-1C00-4230-BDBD-99555C03663F}.Release|Any CPU.ActiveCfg = Release|Any CPU
		{E30D04BF-1C00-4230-BDBD-99555C03663F}.Release|Any CPU.Build.0 = Release|Any CPU
		{C66A8ED0-E1B4-4617-802B-34842AC5A781}.Debug|Any CPU.ActiveCfg = Debug|Any CPU
		{C66A8ED0-E1B4-4617-802B-34842AC5A781}.Debug|Any CPU.Build.0 = Debug|Any CPU
		{C66A8ED0-E1B4-4617-802B-34842AC5A781}.Release|Any CPU.ActiveCfg = Release|Any CPU
		{C66A8ED0-E1B4-4617-802B-34842AC5A781}.Release|Any CPU.Build.0 = Release|Any CPU
		{274111C3-7BF3-46AF-8853-B693FC8C1E7B}.Debug|Any CPU.ActiveCfg = Debug|Any CPU
		{274111C3-7BF3-46AF-8853-B693FC8C1E7B}.Debug|Any CPU.Build.0 = Debug|Any CPU
		{274111C3-7BF3-46AF-8853-B693FC8C1E7B}.Release|Any CPU.ActiveCfg = Release|Any CPU
		{274111C3-7BF3-46AF-8853-B693FC8C1E7B}.Release|Any CPU.Build.0 = Release|Any CPU
		{36346008-1601-42B3-83BC-34FC44219719}.Debug|Any CPU.ActiveCfg = Debug|Any CPU
		{36346008-1601-42B3-83BC-34FC44219719}.Debug|Any CPU.Build.0 = Debug|Any CPU
		{36346008-1601-42B3-83BC-34FC44219719}.Release|Any CPU.ActiveCfg = Release|Any CPU
		{36346008-1601-42B3-83BC-34FC44219719}.Release|Any CPU.Build.0 = Release|Any CPU
	EndGlobalSection
	GlobalSection(SolutionProperties) = preSolution
		HideSolutionNode = FALSE
	EndGlobalSection
	GlobalSection(NestedProjects) = preSolution
		{D35AAA76-DC49-489A-A8EE-5181293200B4} = {A7B8581B-F49B-476B-8DF0-148038444F6F}
		{936202AF-A408-481D-9E5B-AF230FAFDA55} = {7EE8A3C3-0129-4498-942A-B9453986B406}
		{E30D04BF-1C00-4230-BDBD-99555C03663F} = {E463EBF9-BA81-4AC7-983E-E19AFAA61DC9}
		{C66A8ED0-E1B4-4617-802B-34842AC5A781} = {E463EBF9-BA81-4AC7-983E-E19AFAA61DC9}
		{274111C3-7BF3-46AF-8853-B693FC8C1E7B} = {E463EBF9-BA81-4AC7-983E-E19AFAA61DC9}
		{36346008-1601-42B3-83BC-34FC44219719} = {E463EBF9-BA81-4AC7-983E-E19AFAA61DC9}
	EndGlobalSection
	GlobalSection(ExtensibilityGlobals) = postSolution
		SolutionGuid = {8995D13D-645E-4681-8712-5850AB7AA4E4}
	EndGlobalSection
EndGlobal
